PODS:
  - AFNetworking (3.2.1):
    - AFNetworking/NSURLSession (= 3.2.1)
    - AFNetworking/Reachability (= 3.2.1)
    - AFNetworking/Security (= 3.2.1)
    - AFNetworking/Serialization (= 3.2.1)
    - AFNetworking/UIKit (= 3.2.1)
  - AFNetworking/NSURLSession (3.2.1):
    - AFNetworking/Reachability
    - AFNetworking/Security
    - AFNetworking/Serialization
  - AFNetworking/Reachability (3.2.1)
  - AFNetworking/Security (3.2.1)
  - AFNetworking/Serialization (3.2.1)
  - AFNetworking/UIKit (3.2.1):
    - AFNetworking/NSURLSession
  - ASDebugger (0.0.8):
    - ASDebugger/Core (= 0.0.8)
    - SocketRocket (~> 0.5.1)
  - ASDebugger/Core (0.0.8):
    - SocketRocket (~> 0.5.1)
  - SDWebImage (4.4.5):
    - SDWebImage/Core (= 4.4.5)
  - SDWebImage/Core (4.4.5)
  - SocketRocket (0.5.1)

DEPENDENCIES:
  - AFNetworking (~> 3.2.1)
  - ASDebugger (from `../`)
  - SDWebImage (~> 4.4.3)

SPEC REPOS:
  https://github.com/cocoapods/specs.git:
    - AFNetworking
    - SDWebImage
    - SocketRocket

EXTERNAL SOURCES:
  ASDebugger:
    :path: "../"

SPEC CHECKSUMS:
  AFNetworking: b6f891fdfaed196b46c7a83cf209e09697b94057
  ASDebugger: 6e7b90439ba20cfe60bfa8d9cd9e4d1ddeebad3d
  SDWebImage: ecc03494e973b93b80213649d32175f8d2d17d4d
  SocketRocket: d57c7159b83c3c6655745cd15302aa24b6bae531

PODFILE CHECKSUM: c441a36703c69cadbcded0e9b0ebc06587c25efe

COCOAPODS: 1.5.3
